
Microsoft Visual Studio Solution File, Format Version 12.00
# Visual Studio Version 17
VisualStudioVersion = 17.3.32728.150
MinimumVisualStudioVersion = 10.0.40219.1
Project("{FAE04EC0-301F-11D3-BF4B-00C04F79EFBC}") = "TocTocToc.Android", "TocTocToc\TocTocToc.Android\TocTocToc.Android.csproj", "{0DE0DB5C-A63B-4D53-B562-0DF91D85E99B}"
EndProject
Project("{FAE04EC0-301F-11D3-BF4B-00C04F79EFBC}") = "TocTocToc.iOS", "TocTocToc\TocTocToc.iOS\TocTocToc.iOS.csproj", "{5E3E49EA-63F8-40A0-98B9-1A8973C8F7A7}"
EndProject
Project("{9A19103F-16F7-4668-BE54-9A1E7A4F7556}") = "TocTocToc", "TocTocToc\TocTocToc\TocTocToc.csproj", "{65026726-BD8A-4DC1-8146-9D7BCF4BBD56}"
EndProject
Global
	GlobalSection(SolutionConfigurationPlatforms) = preSolution
		Debug|Any CPU = Debug|Any CPU
		Debug|iPhone = Debug|iPhone
		Debug|iPhoneSimulator = Debug|iPhoneSimulator
		Release|Any CPU = Release|Any CPU
		Release|iPhone = Release|iPhone
		Release|iPhoneSimulator = Release|iPhoneSimulator
	EndGlobalSection
	GlobalSection(ProjectConfigurationPlatforms) = postSolution
		{0DE0DB5C-A63B-4D53-B562-0DF91D85E99B}.Debug|Any CPU.ActiveCfg = Debug|Any CPU
		{0DE0DB5C-A63B-4D53-B562-0DF91D85E99B}.Debug|Any CPU.Build.0 = Debug|Any CPU
		{0DE0DB5C-A63B-4D53-B562-0DF91D85E99B}.Debug|Any CPU.Deploy.0 = Debug|Any CPU
		{0DE0DB5C-A63B-4D53-B562-0DF91D85E99B}.Debug|iPhone.ActiveCfg = Debug|Any CPU
		{0DE0DB5C-A63B-4D53-B562-0DF91D85E99B}.Debug|iPhone.Build.0 = Debug|Any CPU
		{0DE0DB5C-A63B-4D53-B562-0DF91D85E99B}.Debug|iPhone.Deploy.0 = Debug|Any CPU
		{0DE0DB5C-A63B-4D53-B562-0DF91D85E99B}.Debug|iPhoneSimulator.ActiveCfg = Debug|Any CPU
		{0DE0DB5C-A63B-4D53-B562-0DF91D85E99B}.Debug|iPhoneSimulator.Build.0 = Debug|Any CPU
		{0DE0DB5C-A63B-4D53-B562-0DF91D85E99B}.Debug|iPhoneSimulator.Deploy.0 = Debug|Any CPU
		{0DE0DB5C-A63B-4D53-B562-0DF91D85E99B}.Release|Any CPU.ActiveCfg = Release|Any CPU
		{0DE0DB5C-A63B-4D53-B562-0DF91D85E99B}.Release|Any CPU.Build.0 = Release|Any CPU
		{0DE0DB5C-A63B-4D53-B562-0DF91D85E99B}.Release|Any CPU.Deploy.0 = Release|Any CPU
		{0DE0DB5C-A63B-4D53-B562-0DF91D85E99B}.Release|iPhone.ActiveCfg = Release|Any CPU
		{0DE0DB5C-A63B-4D53-B562-0DF91D85E99B}.Release|iPhone.Build.0 = Release|Any CPU
		{0DE0DB5C-A63B-4D53-B562-0DF91D85E99B}.Release|iPhone.Deploy.0 = Release|Any CPU
		{0DE0DB5C-A63B-4D53-B562-0DF91D85E99B}.Release|iPhoneSimulator.ActiveCfg = Release|Any CPU
		{0DE0DB5C-A63B-4D53-B562-0DF91D85E99B}.Release|iPhoneSimulator.Build.0 = Release|Any CPU
		{0DE0DB5C-A63B-4D53-B562-0DF91D85E99B}.Release|iPhoneSimulator.Deploy.0 = Release|Any CPU
		{5E3E49EA-63F8-40A0-98B9-1A8973C8F7A7}.Debug|Any CPU.ActiveCfg = Debug|iPhone
		{5E3E49EA-63F8-40A0-98B9-1A8973C8F7A7}.Debug|Any CPU.Build.0 = Debug|iPhone
		{5E3E49EA-63F8-40A0-98B9-1A8973C8F7A7}.Debug|Any CPU.Deploy.0 = Debug|iPhone
		{5E3E49EA-63F8-40A0-98B9-1A8973C8F7A7}.Debug|iPhone.ActiveCfg = Debug|iPhone
		{5E3E49EA-63F8-40A0-98B9-1A8973C8F7A7}.Debug|iPhone.Build.0 = Debug|iPhone
		{5E3E49EA-63F8-40A0-98B9-1A8973C8F7A7}.Debug|iPhone.Deploy.0 = Debug|iPhone
		{5E3E49EA-63F8-40A0-98B9-1A8973C8F7A7}.Debug|iPhoneSimulator.ActiveCfg = Debug|iPhoneSimulator
		{5E3E49EA-63F8-40A0-98B9-1A8973C8F7A7}.Debug|iPhoneSimulator.Build.0 = Debug|iPhoneSimulator
		{5E3E49EA-63F8-40A0-98B9-1A8973C8F7A7}.Debug|iPhoneSimulator.Deploy.0 = Debug|iPhoneSimulator
		{5E3E49EA-63F8-40A0-98B9-1A8973C8F7A7}.Release|Any CPU.ActiveCfg = Release|iPhoneSimulator
		{5E3E49EA-63F8-40A0-98B9-1A8973C8F7A7}.Release|Any CPU.Build.0 = Release|iPhoneSimulator
		{5E3E49EA-63F8-40A0-98B9-1A8973C8F7A7}.Release|Any CPU.Deploy.0 = Release|iPhoneSimulator
		{5E3E49EA-63F8-40A0-98B9-1A8973C8F7A7}.Release|iPhone.ActiveCfg = Release|iPhone
		{5E3E49EA-63F8-40A0-98B9-1A8973C8F7A7}.Release|iPhone.Build.0 = Release|iPhone
		{5E3E49EA-63F8-40A0-98B9-1A8973C8F7A7}.Release|iPhone.Deploy.0 = Release|iPhone
		{5E3E49EA-63F8-40A0-98B9-1A8973C8F7A7}.Release|iPhoneSimulator.ActiveCfg = Release|iPhoneSimulator
		{5E3E49EA-63F8-40A0-98B9-1A8973C8F7A7}.Release|iPhoneSimulator.Build.0 = Release|iPhoneSimulator
		{5E3E49EA-63F8-40A0-98B9-1A8973C8F7A7}.Release|iPhoneSimulator.Deploy.0 = Release|iPhoneSimulator
		{65026726-BD8A-4DC1-8146-9D7BCF4BBD56}.Debug|Any CPU.ActiveCfg = Debug|Any CPU
		{65026726-BD8A-4DC1-8146-9D7BCF4BBD56}.Debug|Any CPU.Build.0 = Debug|Any CPU
		{65026726-BD8A-4DC1-8146-9D7BCF4BBD56}.Debug|Any CPU.Deploy.0 = Debug|Any CPU
		{65026726-BD8A-4DC1-8146-9D7BCF4BBD56}.Debug|iPhone.ActiveCfg = Debug|Any CPU
		{65026726-BD8A-4DC1-8146-9D7BCF4BBD56}.Debug|iPhone.Build.0 = Debug|Any CPU
		{65026726-BD8A-4DC1-8146-9D7BCF4BBD56}.Debug|iPhone.Deploy.0 = Debug|Any CPU
		{65026726-BD8A-4DC1-8146-9D7BCF4BBD56}.Debug|iPhoneSimulator.ActiveCfg = Debug|Any CPU
		{65026726-BD8A-4DC1-8146-9D7BCF4BBD56}.Debug|iPhoneSimulator.Build.0 = Debug|Any CPU
		{65026726-BD8A-4DC1-8146-9D7BCF4BBD56}.Debug|iPhoneSimulator.Deploy.0 = Debug|Any CPU
		{65026726-BD8A-4DC1-8146-9D7BCF4BBD56}.Release|Any CPU.ActiveCfg = Release|Any CPU
		{65026726-BD8A-4DC1-8146-9D7BCF4BBD56}.Release|Any CPU.Build.0 = Release|Any CPU
		{65026726-BD8A-4DC1-8146-9D7BCF4BBD56}.Release|Any CPU.Deploy.0 = Release|Any CPU
		{65026726-BD8A-4DC1-8146-9D7BCF4BBD56}.Release|iPhone.ActiveCfg = Release|Any CPU
		{65026726-BD8A-4DC1-8146-9D7BCF4BBD56}.Release|iPhone.Build.0 = Release|Any CPU
		{65026726-BD8A-4DC1-8146-9D7BCF4BBD56}.Release|iPhone.Deploy.0 = Release|Any CPU
		{65026726-BD8A-4DC1-8146-9D7BCF4BBD56}.Release|iPhoneSimulator.ActiveCfg = Release|Any CPU
		{65026726-BD8A-4DC1-8146-9D7BCF4BBD56}.Release|iPhoneSimulator.Build.0 = Release|Any CPU
		{65026726-BD8A-4DC1-8146-9D7BCF4BBD56}.Release|iPhoneSimulator.Deploy.0 = Release|Any CPU
	EndGlobalSection
	GlobalSection(SolutionProperties) = preSolution
		HideSolutionNode = FALSE
	EndGlobalSection
	GlobalSection(ExtensibilityGlobals) = postSolution
		SolutionGuid = {6E45843F-6B9F-4E1D-A0F4-21689BBE47DE}
	EndGlobalSection
EndGlobal
